
Microsoft Visual Studio Solution File, Format Version 12.00
Project("{FAE04EC0-301F-11D3-BF4B-00C04F79EFBC}") = "MemoryCache.BackgroundAccess", "MemoryCache.BackgroundAccess.csproj", "{C3FD9765-FD0A-4DB3-AF0C-4FD6274CD27B}"
EndProject
Global
	GlobalSection(SolutionConfigurationPlatforms) = preSolution
		Debug|Any CPU = Debug|Any CPU
		Release|Any CPU = Release|Any CPU
	EndGlobalSection
	GlobalSection(ProjectConfigurationPlatforms) = postSolution
		{C3FD9765-FD0A-4DB3-AF0C-4FD6274CD27B}.Debug|Any CPU.ActiveCfg = Debug|Any CPU
		{C3FD9765-FD0A-4DB3-AF0C-4FD6274CD27B}.Debug|Any CPU.Build.0 = Debug|Any CPU
		{C3FD9765-FD0A-4DB3-AF0C-4FD6274CD27B}.Release|Any CPU.ActiveCfg = Release|Any CPU
		{C3FD9765-FD0A-4DB3-AF0C-4FD6274CD27B}.Release|Any CPU.Build.0 = Release|Any CPU
	EndGlobalSection
EndGlobal
